
Microsoft Visual Studio Solution File, Format Version 12.00
# Visual Studio Version 16
VisualStudioVersion = 16.0.29215.179
MinimumVisualStudioVersion = 10.0.40219.1
Project("{8BC9CEB8-8B4A-11D0-8D11-00A0C91BC942}") = "xlllapack", "xlllapack.vcxproj", "{9F5763FA-C4B0-4464-84F7-B368DBE0E0A7}"
EndProject
Project("{8BC9CEB8-8B4A-11D0-8D11-00A0C91BC942}") = "xll12", "xll12\xll12.vcxproj", "{3563C165-8A72-4BE5-B8AF-FD5904C9030E}"
EndProject
Global
	GlobalSection(SolutionConfigurationPlatforms) = preSolution
		Debug|Win32 = Debug|Win32
		Debug|x64 = Debug|x64
		Release|Win32 = Release|Win32
		Release|x64 = Release|x64
	EndGlobalSection
	GlobalSection(ProjectConfigurationPlatforms) = postSolution
		{9F5763FA-C4B0-4464-84F7-B368DBE0E0A7}.Debug|Win32.ActiveCfg = Debug|Win32
		{9F5763FA-C4B0-4464-84F7-B368DBE0E0A7}.Debug|Win32.Build.0 = Debug|Win32
		{9F5763FA-C4B0-4464-84F7-B368DBE0E0A7}.Debug|x64.ActiveCfg = Debug|x64
		{9F5763FA-C4B0-4464-84F7-B368DBE0E0A7}.Debug|x64.Build.0 = Debug|x64
		{9F5763FA-C4B0-4464-84F7-B368DBE0E0A7}.Release|Win32.ActiveCfg = Release|Win32
		{9F5763FA-C4B0-4464-84F7-B368DBE0E0A7}.Release|Win32.Build.0 = Release|Win32
		{9F5763FA-C4B0-4464-84F7-B368DBE0E0A7}.Release|x64.ActiveCfg = Release|x64
		{9F5763FA-C4B0-4464-84F7-B368DBE0E0A7}.Release|x64.Build.0 = Release|x64
		{3563C165-8A72-4BE5-B8AF-FD5904C9030E}.Debug|Win32.ActiveCfg = Debug|Win32
		{3563C165-8A72-4BE5-B8AF-FD5904C9030E}.Debug|Win32.Build.0 = Debug|Win32
		{3563C165-8A72-4BE5-B8AF-FD5904C9030E}.Debug|x64.ActiveCfg = Debug|x64
		{3563C165-8A72-4BE5-B8AF-FD5904C9030E}.Debug|x64.Build.0 = Debug|x64
		{3563C165-8A72-4BE5-B8AF-FD5904C9030E}.Release|Win32.ActiveCfg = Release|Win32
		{3563C165-8A72-4BE5-B8AF-FD5904C9030E}.Release|Win32.Build.0 = Release|Win32
		{3563C165-8A72-4BE5-B8AF-FD5904C9030E}.Release|x64.ActiveCfg = Release|x64
		{3563C165-8A72-4BE5-B8AF-FD5904C9030E}.Release|x64.Build.0 = Release|x64
	EndGlobalSection
	GlobalSection(SolutionProperties) = preSolution
		HideSolutionNode = FALSE
	EndGlobalSection
	GlobalSection(ExtensibilityGlobals) = postSolution
		SolutionGuid = {C26DA627-214E-4A20-B352-7906C10A1EAF}
	EndGlobalSection
EndGlobal
