<?xml version="1.0" encoding="utf-8"?>
<Project ToolsVersion="4.0" xmlns="http://schemas.microsoft.com/developer/msbuild/2003">
  <ItemGroup>
    <Filter Include="Source Files">
      <UniqueIdentifier>{d535bdc7-cf05-483c-b408-e34e5f683f9d}</UniqueIdentifier>
      <Extensions>cpp</Extensions>
    </Filter>
    <Filter Include="Header Files">
      <UniqueIdentifier>{5fdebfc0-e035-4608-970c-3d2806c0ce34}</UniqueIdentifier>
      <Extensions>h</Extensions>
    </Filter>
  </ItemGroup>
  <ItemGroup>
    <ClCompile Include="lapack.cpp">
      <Filter>Source Files</Filter>
    </ClCompile>
    <ClCompile Include="potrf.cpp">
      <Filter>Source Files</Filter>
    </ClCompile>
    <ClCompile Include="syev.cpp">
      <Filter>Source Files</Filter>
    </ClCompile>
    <ClCompile Include="diag.cpp">
      <Filter>Source Files</Filter>
    </ClCompile>
    <ClCompile Include="getri.cpp">
      <Filter>Source Files</Filter>
    </ClCompile>
    <ClCompile Include="getrf.cpp">
      <Filter>Source Files</Filter>
    </ClCompile>
    <ClCompile Include="gesv.cpp">
      <Filter>Source Files</Filter>
    </ClCompile>
    <ClCompile Include="dek.cpp">
      <Filter>Source Files</Filter>
    </ClCompile>
  </ItemGroup>
  <ItemGroup>
    <None Include="README.txt" />
  </ItemGroup>
  <ItemGroup>
    <ClInclude Include="xlllapack.h">
      <Filter>Header Files</Filter>
    </ClInclude>
  </ItemGroup>
</Project>